
Microsoft Visual Studio Solution File, Format Version 12.00
Project("{FAE04EC0-301F-11D3-BF4B-00C04F79EFBC}") = "CryptoWebApp", "CryptoWebApp\CryptoWebApp.csproj", "{A32D4278-81DD-412E-A0F4-030099D2A6D1}"
EndProject
Global
	GlobalSection(SolutionConfigurationPlatforms) = preSolution
		Debug|Any CPU = Debug|Any CPU
		Release|Any CPU = Release|Any CPU
	EndGlobalSection
	GlobalSection(ProjectConfigurationPlatforms) = postSolution
		{A32D4278-81DD-412E-A0F4-030099D2A6D1}.Debug|Any CPU.ActiveCfg = Debug|Any CPU
		{A32D4278-81DD-412E-A0F4-030099D2A6D1}.Debug|Any CPU.Build.0 = Debug|Any CPU
		{A32D4278-81DD-412E-A0F4-030099D2A6D1}.Release|Any CPU.ActiveCfg = Release|Any CPU
		{A32D4278-81DD-412E-A0F4-030099D2A6D1}.Release|Any CPU.Build.0 = Release|Any CPU
	EndGlobalSection
EndGlobal
